// !$*UTF8*$!
{
	archiveVersion = 1;
	classes = {
	};
	objectVersion = 46;
	objects = {

/* Begin PBXBuildFile section */
		823A314C1E9F7FAF0014AADF /* AppDelegate.m in Sources */ = {isa = PBXBuildFile; fileRef = 823A31251E9F7FAF0014AADF /* AppDelegate.m */; };
		823A314D1E9F7FAF0014AADF /* EssenceViewController.m in Sources */ = {isa = PBXBuildFile; fileRef = 823A31291E9F7FAF0014AADF /* EssenceViewController.m */; };
		823A314E1E9F7FAF0014AADF /* FriendTrendsViewController.m in Sources */ = {isa = PBXBuildFile; fileRef = 823A31301E9F7FAF0014AADF /* FriendTrendsViewController.m */; };
		823A314F1E9F7FAF0014AADF /* HQTabBar.m in Sources */ = {isa = PBXBuildFile; fileRef = 823A31361E9F7FAF0014AADF /* HQTabBar.m */; };
		823A31501E9F7FAF0014AADF /* MainViewController.m in Sources */ = {isa = PBXBuildFile; fileRef = 823A31381E9F7FAF0014AADF /* MainViewController.m */; };
		823A31511E9F7FAF0014AADF /* MeViewController.m in Sources */ = {isa = PBXBuildFile; fileRef = 823A313C1E9F7FAF0014AADF /* MeViewController.m */; };
		823A31521E9F7FAF0014AADF /* NewViewController.m in Sources */ = {isa = PBXBuildFile; fileRef = 823A31431E9F7FAF0014AADF /* NewViewController.m */; };
		823A31531E9F7FAF0014AADF /* UIBarButtonItem+HQExtension.m in Sources */ = {isa = PBXBuildFile; fileRef = 823A31491E9F7FAF0014AADF /* UIBarButtonItem+HQExtension.m */; };
		823A31541E9F7FAF0014AADF /* UIView+HQExtension.m in Sources */ = {isa = PBXBuildFile; fileRef = 823A314B1E9F7FAF0014AADF /* UIView+HQExtension.m */; };
		823A31571EA0544C0014AADF /* TestViewController.m in Sources */ = {isa = PBXBuildFile; fileRef = 823A31561EA0544C0014AADF /* TestViewController.m */; };
		823A315A1EA05B3A0014AADF /* HQNavigationController.m in Sources */ = {isa = PBXBuildFile; fileRef = 823A31591EA05B3A0014AADF /* HQNavigationController.m */; };
		8286A1B11E9CA51A00A0557B /* main.m in Sources */ = {isa = PBXBuildFile; fileRef = 8286A1B01E9CA51A00A0557B /* main.m */; };
		8286A1BA1E9CA51A00A0557B /* Main.storyboard in Resources */ = {isa = PBXBuildFile; fileRef = 8286A1B81E9CA51A00A0557B /* Main.storyboard */; };
		8286A1BD1E9CA51A00A0557B /* BSBDJ.xcdatamodeld in Sources */ = {isa = PBXBuildFile; fileRef = 8286A1BB1E9CA51A00A0557B /* BSBDJ.xcdatamodeld */; };
		8286A1BF1E9CA51B00A0557B /* Assets.xcassets in Resources */ = {isa = PBXBuildFile; fileRef = 8286A1BE1E9CA51B00A0557B /* Assets.xcassets */; };
		8286A1C21E9CA51B00A0557B /* LaunchScreen.storyboard in Resources */ = {isa = PBXBuildFile; fileRef = 8286A1C01E9CA51B00A0557B /* LaunchScreen.storyboard */; };
		82C1BDC51EA4883400BFD79B /* FriendTrendsViewController.xib in Resources */ = {isa = PBXBuildFile; fileRef = 82C1BDC41EA4883400BFD79B /* FriendTrendsViewController.xib */; };
/* End PBXBuildFile section */

/* Begin PBXFileReference section */
		823A31241E9F7FAF0014AADF /* AppDelegate.h */ = {isa = PBXFileReference; fileEncoding = 4; lastKnownFileType = sourcecode.c.h; path = AppDelegate.h; sourceTree = "<group>"; };
		823A31251E9F7FAF0014AADF /* AppDelegate.m */ = {isa = PBXFileReference; fileEncoding = 4; lastKnownFileType = sourcecode.c.objc; path = AppDelegate.m; sourceTree = "<group>"; };
		823A31281E9F7FAF0014AADF /* EssenceViewController.h */ = {isa = PBXFileReference; fileEncoding = 4; lastKnownFileType = sourcecode.c.h; path = EssenceViewController.h; sourceTree = "<group>"; };
		823A31291E9F7FAF0014AADF /* EssenceViewController.m */ = {isa = PBXFileReference; fileEncoding = 4; lastKnownFileType = sourcecode.c.objc; path = EssenceViewController.m; sourceTree = "<group>"; };
		823A312F1E9F7FAF0014AADF /* FriendTrendsViewController.h */ = {isa = PBXFileReference; fileEncoding = 4; lastKnownFileType = sourcecode.c.h; path = FriendTrendsViewController.h; sourceTree = "<group>"; };
		823A31301E9F7FAF0014AADF /* FriendTrendsViewController.m */ = {isa = PBXFileReference; fileEncoding = 4; lastKnownFileType = sourcecode.c.objc; path = FriendTrendsViewController.m; sourceTree = "<group>"; };
		823A31351E9F7FAF0014AADF /* HQTabBar.h */ = {isa = PBXFileReference; fileEncoding = 4; lastKnownFileType = sourcecode.c.h; path = HQTabBar.h; sourceTree = "<group>"; };
		823A31361E9F7FAF0014AADF /* HQTabBar.m */ = {isa = PBXFileReference; fileEncoding = 4; lastKnownFileType = sourcecode.c.objc; path = HQTabBar.m; sourceTree = "<group>"; };
		823A31371E9F7FAF0014AADF /* MainViewController.h */ = {isa = PBXFileReference; fileEncoding = 4; lastKnownFileType = sourcecode.c.h; path = MainViewController.h; sourceTree = "<group>"; };
		823A31381E9F7FAF0014AADF /* MainViewController.m */ = {isa = PBXFileReference; fileEncoding = 4; lastKnownFileType = sourcecode.c.objc; path = MainViewController.m; sourceTree = "<group>"; };
		823A313B1E9F7FAF0014AADF /* MeViewController.h */ = {isa = PBXFileReference; fileEncoding = 4; lastKnownFileType = sourcecode.c.h; path = MeViewController.h; sourceTree = "<group>"; };
		823A313C1E9F7FAF0014AADF /* MeViewController.m */ = {isa = PBXFileReference; fileEncoding = 4; lastKnownFileType = sourcecode.c.objc; path = MeViewController.m; sourceTree = "<group>"; };
		823A31421E9F7FAF0014AADF /* NewViewController.h */ = {isa = PBXFileReference; fileEncoding = 4; lastKnownFileType = sourcecode.c.h; path = NewViewController.h; sourceTree = "<group>"; };
		823A31431E9F7FAF0014AADF /* NewViewController.m */ = {isa = PBXFileReference; fileEncoding = 4; lastKnownFileType = sourcecode.c.objc; path = NewViewController.m; sourceTree = "<group>"; };
		823A31481E9F7FAF0014AADF /* UIBarButtonItem+HQExtension.h */ = {isa = PBXFileReference; fileEncoding = 4; lastKnownFileType = sourcecode.c.h; path = "UIBarButtonItem+HQExtension.h"; sourceTree = "<group>"; };
		823A31491E9F7FAF0014AADF /* UIBarButtonItem+HQExtension.m */ = {isa = PBXFileReference; fileEncoding = 4; lastKnownFileType = sourcecode.c.objc; path = "UIBarButtonItem+HQExtension.m"; sourceTree = "<group>"; };
		823A314A1E9F7FAF0014AADF /* UIView+HQExtension.h */ = {isa = PBXFileReference; fileEncoding = 4; lastKnownFileType = sourcecode.c.h; path = "UIView+HQExtension.h"; sourceTree = "<group>"; };
		823A314B1E9F7FAF0014AADF /* UIView+HQExtension.m */ = {isa = PBXFileReference; fileEncoding = 4; lastKnownFileType = sourcecode.c.objc; path = "UIView+HQExtension.m"; sourceTree = "<group>"; };
		823A31551EA0544C0014AADF /* TestViewController.h */ = {isa = PBXFileReference; fileEncoding = 4; lastKnownFileType = sourcecode.c.h; path = TestViewController.h; sourceTree = "<group>"; };
		823A31561EA0544C0014AADF /* TestViewController.m */ = {isa = PBXFileReference; fileEncoding = 4; lastKnownFileType = sourcecode.c.objc; path = TestViewController.m; sourceTree = "<group>"; };
		823A31581EA05B3A0014AADF /* HQNavigationController.h */ = {isa = PBXFileReference; fileEncoding = 4; lastKnownFileType = sourcecode.c.h; path = HQNavigationController.h; sourceTree = "<group>"; };
		823A31591EA05B3A0014AADF /* HQNavigationController.m */ = {isa = PBXFileReference; fileEncoding = 4; lastKnownFileType = sourcecode.c.objc; path = HQNavigationController.m; sourceTree = "<group>"; };
		8286A1AC1E9CA51A00A0557B /* BSBDJ.app */ = {isa = PBXFileReference; explicitFileType = wrapper.application; includeInIndex = 0; path = BSBDJ.app; sourceTree = BUILT_PRODUCTS_DIR; };
		8286A1B01E9CA51A00A0557B /* main.m */ = {isa = PBXFileReference; lastKnownFileType = sourcecode.c.objc; path = main.m; sourceTree = "<group>"; };
		8286A1B91E9CA51A00A0557B /* Base */ = {isa = PBXFileReference; lastKnownFileType = file.storyboard; name = Base; path = Base.lproj/Main.storyboard; sourceTree = "<group>"; };
		8286A1BC1E9CA51A00A0557B /* BSBDJ.xcdatamodel */ = {isa = PBXFileReference; lastKnownFileType = wrapper.xcdatamodel; path = BSBDJ.xcdatamodel; sourceTree = "<group>"; };
		8286A1BE1E9CA51B00A0557B /* Assets.xcassets */ = {isa = PBXFileReference; lastKnownFileType = folder.assetcatalog; path = Assets.xcassets; sourceTree = "<group>"; };
		8286A1C11E9CA51B00A0557B /* Base */ = {isa = PBXFileReference; lastKnownFileType = file.storyboard; name = Base; path = Base.lproj/LaunchScreen.storyboard; sourceTree = "<group>"; };
		8286A1C31E9CA51B00A0557B /* Info.plist */ = {isa = PBXFileReference; lastKnownFileType = text.plist.xml; path = Info.plist; sourceTree = "<group>"; };
		82C1BDC41EA4883400BFD79B /* FriendTrendsViewController.xib */ = {isa = PBXFileReference; fileEncoding = 4; lastKnownFileType = file.xib; path = FriendTrendsViewController.xib; sourceTree = "<group>"; };
		82E435101E9E147A0020A9BC /* PrefixHeader.pch */ = {isa = PBXFileReference; lastKnownFileType = sourcecode.c.h; path = PrefixHeader.pch; sourceTree = "<group>"; };
/* End PBXFileReference section */

/* Begin PBXFrameworksBuildPhase section */
		8286A1A91E9CA51A00A0557B /* Frameworks */ = {
			isa = PBXFrameworksBuildPhase;
			buildActionMask = 2147483647;
			files = (
			);
			runOnlyForDeploymentPostprocessing = 0;
		};
/* End PBXFrameworksBuildPhase section */

/* Begin PBXGroup section */
		823A31231E9F7FAF0014AADF /* Classes */ = {
			isa = PBXGroup;
			children = (
				823A31241E9F7FAF0014AADF /* AppDelegate.h */,
				823A31251E9F7FAF0014AADF /* AppDelegate.m */,
				823A31261E9F7FAF0014AADF /* Essence(精华) */,
				823A312D1E9F7FAF0014AADF /* FriendTrends(关注) */,
				823A31341E9F7FAF0014AADF /* MainViewController */,
				823A31391E9F7FAF0014AADF /* Me(我) */,
				823A31401E9F7FAF0014AADF /* New(新帖) */,
				823A31471E9F7FAF0014AADF /* Other */,
			);
			path = Classes;
			sourceTree = "<group>";
		};
		823A31261E9F7FAF0014AADF /* Essence(精华) */ = {
			isa = PBXGroup;
			children = (
				823A31271E9F7FAF0014AADF /* Controller */,
				823A312A1E9F7FAF0014AADF /* Model */,
				823A312B1E9F7FAF0014AADF /* Other */,
				823A312C1E9F7FAF0014AADF /* View */,
			);
			path = "Essence(精华)";
			sourceTree = "<group>";
		};
		823A31271E9F7FAF0014AADF /* Controller */ = {
			isa = PBXGroup;
			children = (
				823A31281E9F7FAF0014AADF /* EssenceViewController.h */,
				823A31291E9F7FAF0014AADF /* EssenceViewController.m */,
				823A31551EA0544C0014AADF /* TestViewController.h */,
				823A31561EA0544C0014AADF /* TestViewController.m */,
			);
			path = Controller;
			sourceTree = "<group>";
		};
		823A312A1E9F7FAF0014AADF /* Model */ = {
			isa = PBXGroup;
			children = (
			);
			path = Model;
			sourceTree = "<group>";
		};
		823A312B1E9F7FAF0014AADF /* Other */ = {
			isa = PBXGroup;
			children = (
			);
			path = Other;
			sourceTree = "<group>";
		};
		823A312C1E9F7FAF0014AADF /* View */ = {
			isa = PBXGroup;
			children = (
			);
			path = View;
			sourceTree = "<group>";
		};
		823A312D1E9F7FAF0014AADF /* FriendTrends(关注) */ = {
			isa = PBXGroup;
			children = (
				823A312E1E9F7FAF0014AADF /* Controller */,
				823A31311E9F7FAF0014AADF /* Model */,
				823A31321E9F7FAF0014AADF /* Other */,
				823A31331E9F7FAF0014AADF /* View */,
			);
			path = "FriendTrends(关注)";
			sourceTree = "<group>";
		};
		823A312E1E9F7FAF0014AADF /* Controller */ = {
			isa = PBXGroup;
			children = (
				823A312F1E9F7FAF0014AADF /* FriendTrendsViewController.h */,
				823A31301E9F7FAF0014AADF /* FriendTrendsViewController.m */,
				82C1BDC41EA4883400BFD79B /* FriendTrendsViewController.xib */,
			);
			path = Controller;
			sourceTree = "<group>";
		};
		823A31311E9F7FAF0014AADF /* Model */ = {
			isa = PBXGroup;
			children = (
			);
			path = Model;
			sourceTree = "<group>";
		};
		823A31321E9F7FAF0014AADF /* Other */ = {
			isa = PBXGroup;
			children = (
			);
			path = Other;
			sourceTree = "<group>";
		};
		823A31331E9F7FAF0014AADF /* View */ = {
			isa = PBXGroup;
			children = (
			);
			path = View;
			sourceTree = "<group>";
		};
		823A31341E9F7FAF0014AADF /* MainViewController */ = {
			isa = PBXGroup;
			children = (
				823A31351E9F7FAF0014AADF /* HQTabBar.h */,
				823A31361E9F7FAF0014AADF /* HQTabBar.m */,
				823A31371E9F7FAF0014AADF /* MainViewController.h */,
				823A31381E9F7FAF0014AADF /* MainViewController.m */,
				823A31581EA05B3A0014AADF /* HQNavigationController.h */,
				823A31591EA05B3A0014AADF /* HQNavigationController.m */,
			);
			path = MainViewController;
			sourceTree = "<group>";
		};
		823A31391E9F7FAF0014AADF /* Me(我) */ = {
			isa = PBXGroup;
			children = (
				823A313A1E9F7FAF0014AADF /* Controller */,
				823A313D1E9F7FAF0014AADF /* Model */,
				823A313E1E9F7FAF0014AADF /* Other */,
				823A313F1E9F7FAF0014AADF /* View */,
			);
			path = "Me(我)";
			sourceTree = "<group>";
		};
		823A313A1E9F7FAF0014AADF /* Controller */ = {
			isa = PBXGroup;
			children = (
				823A313B1E9F7FAF0014AADF /* MeViewController.h */,
				823A313C1E9F7FAF0014AADF /* MeViewController.m */,
			);
			path = Controller;
			sourceTree = "<group>";
		};
		823A313D1E9F7FAF0014AADF /* Model */ = {
			isa = PBXGroup;
			children = (
			);
			path = Model;
			sourceTree = "<group>";
		};
		823A313E1E9F7FAF0014AADF /* Other */ = {
			isa = PBXGroup;
			children = (
			);
			path = Other;
			sourceTree = "<group>";
		};
		823A313F1E9F7FAF0014AADF /* View */ = {
			isa = PBXGroup;
			children = (
			);
			path = View;
			sourceTree = "<group>";
		};
		823A31401E9F7FAF0014AADF /* New(新帖) */ = {
			isa = PBXGroup;
			children = (
				823A31411E9F7FAF0014AADF /* Controller */,
				823A31441E9F7FAF0014AADF /* Model */,
				823A31451E9F7FAF0014AADF /* Other */,
				823A31461E9F7FAF0014AADF /* View */,
			);
			path = "New(新帖)";
			sourceTree = "<group>";
		};
		823A31411E9F7FAF0014AADF /* Controller */ = {
			isa = PBXGroup;
			children = (
				823A31421E9F7FAF0014AADF /* NewViewController.h */,
				823A31431E9F7FAF0014AADF /* NewViewController.m */,
			);
			path = Controller;
			sourceTree = "<group>";
		};
		823A31441E9F7FAF0014AADF /* Model */ = {
			isa = PBXGroup;
			children = (
			);
			path = Model;
			sourceTree = "<group>";
		};
		823A31451E9F7FAF0014AADF /* Other */ = {
			isa = PBXGroup;
			children = (
			);
			path = Other;
			sourceTree = "<group>";
		};
		823A31461E9F7FAF0014AADF /* View */ = {
			isa = PBXGroup;
			children = (
			);
			path = View;
			sourceTree = "<group>";
		};
		823A31471E9F7FAF0014AADF /* Other */ = {
			isa = PBXGroup;
			children = (
				823A31481E9F7FAF0014AADF /* UIBarButtonItem+HQExtension.h */,
				823A31491E9F7FAF0014AADF /* UIBarButtonItem+HQExtension.m */,
				823A314A1E9F7FAF0014AADF /* UIView+HQExtension.h */,
				823A314B1E9F7FAF0014AADF /* UIView+HQExtension.m */,
			);
			path = Other;
			sourceTree = "<group>";
		};
		8286A1A31E9CA51A00A0557B = {
			isa = PBXGroup;
			children = (
				8286A1AE1E9CA51A00A0557B /* BSBDJ */,
				8286A1AD1E9CA51A00A0557B /* Products */,
			);
			sourceTree = "<group>";
		};
		8286A1AD1E9CA51A00A0557B /* Products */ = {
			isa = PBXGroup;
			children = (
				8286A1AC1E9CA51A00A0557B /* BSBDJ.app */,
			);
			name = Products;
			sourceTree = "<group>";
		};
		8286A1AE1E9CA51A00A0557B /* BSBDJ */ = {
			isa = PBXGroup;
			children = (
				823A31231E9F7FAF0014AADF /* Classes */,
				82E435101E9E147A0020A9BC /* PrefixHeader.pch */,
				8286A1B81E9CA51A00A0557B /* Main.storyboard */,
				8286A1BE1E9CA51B00A0557B /* Assets.xcassets */,
				8286A1C01E9CA51B00A0557B /* LaunchScreen.storyboard */,
				8286A1C31E9CA51B00A0557B /* Info.plist */,
				8286A1BB1E9CA51A00A0557B /* BSBDJ.xcdatamodeld */,
				8286A1AF1E9CA51A00A0557B /* Supporting Files */,
			);
			path = BSBDJ;
			sourceTree = "<group>";
		};
		8286A1AF1E9CA51A00A0557B /* Supporting Files */ = {
			isa = PBXGroup;
			children = (
				8286A1B01E9CA51A00A0557B /* main.m */,
			);
			name = "Supporting Files";
			sourceTree = "<group>";
		};
/* End PBXGroup section */

/* Begin PBXNativeTarget section */
		8286A1AB1E9CA51A00A0557B /* BSBDJ */ = {
			isa = PBXNativeTarget;
			buildConfigurationList = 8286A1C61E9CA51B00A0557B /* Build configuration list for PBXNativeTarget "BSBDJ" */;
			buildPhases = (
				8286A1A81E9CA51A00A0557B /* Sources */,
				8286A1A91E9CA51A00A0557B /* Frameworks */,
				8286A1AA1E9CA51A00A0557B /* Resources */,
			);
			buildRules = (
			);
			dependencies = (
			);
			name = BSBDJ;
			productName = BSBDJ;
			productReference = 8286A1AC1E9CA51A00A0557B /* BSBDJ.app */;
			productType = "com.apple.product-type.application";
		};
/* End PBXNativeTarget section */

/* Begin PBXProject section */
		8286A1A41E9CA51A00A0557B /* Project object */ = {
			isa = PBXProject;
			attributes = {
				LastUpgradeCheck = 0730;
				ORGANIZATIONNAME = Jerry_hqyj;
				TargetAttributes = {
					8286A1AB1E9CA51A00A0557B = {
						CreatedOnToolsVersion = 7.3.1;
					};
				};
			};
			buildConfigurationList = 8286A1A71E9CA51A00A0557B /* Build configuration list for PBXProject "BSBDJ" */;
			compatibilityVersion = "Xcode 3.2";
			developmentRegion = English;
			hasScannedForEncodings = 0;
			knownRegions = (
				en,
				Base,
			);
			mainGroup = 8286A1A31E9CA51A00A0557B;
			productRefGroup = 8286A1AD1E9CA51A00A0557B /* Products */;
			projectDirPath = "";
			projectRoot = "";
			targets = (
				8286A1AB1E9CA51A00A0557B /* BSBDJ */,
			);
		};
/* End PBXProject section */

/* Begin PBXResourcesBuildPhase section */
		8286A1AA1E9CA51A00A0557B /* Resources */ = {
			isa = PBXResourcesBuildPhase;
			buildActionMask = 2147483647;
			files = (
				8286A1C21E9CA51B00A0557B /* LaunchScreen.storyboard in Resources */,
				8286A1BF1E9CA51B00A0557B /* Assets.xcassets in Resources */,
				82C1BDC51EA4883400BFD79B /* FriendTrendsViewController.xib in Resources */,
				8286A1BA1E9CA51A00A0557B /* Main.storyboard in Resources */,
			);
			runOnlyForDeploymentPostprocessing = 0;
		};
/* End PBXResourcesBuildPhase section */

/* Begin PBXSourcesBuildPhase section */
		8286A1A81E9CA51A00A0557B /* Sources */ = {
			isa = PBXSourcesBuildPhase;
			buildActionMask = 2147483647;
			files = (
				8286A1B11E9CA51A00A0557B /* main.m in Sources */,
				8286A1BD1E9CA51A00A0557B /* BSBDJ.xcdatamodeld in Sources */,
				823A31541E9F7FAF0014AADF /* UIView+HQExtension.m in Sources */,
				823A314C1E9F7FAF0014AADF /* AppDelegate.m in Sources */,
				823A31531E9F7FAF0014AADF /* UIBarButtonItem+HQExtension.m in Sources */,
				823A314E1E9F7FAF0014AADF /* FriendTrendsViewController.m in Sources */,
				823A31571EA0544C0014AADF /* TestViewController.m in Sources */,
				823A31501E9F7FAF0014AADF /* MainViewController.m in Sources */,
				823A314F1E9F7FAF0014AADF /* HQTabBar.m in Sources */,
				823A31521E9F7FAF0014AADF /* NewViewController.m in Sources */,
				823A315A1EA05B3A0014AADF /* HQNavigationController.m in Sources */,
				823A31511E9F7FAF0014AADF /* MeViewController.m in Sources */,
				823A314D1E9F7FAF0014AADF /* EssenceViewController.m in Sources */,
			);
			runOnlyForDeploymentPostprocessing = 0;
		};
/* End PBXSourcesBuildPhase section */

/* Begin PBXVariantGroup section */
		8286A1B81E9CA51A00A0557B /* Main.storyboard */ = {
			isa = PBXVariantGroup;
			children = (
				8286A1B91E9CA51A00A0557B /* Base */,
			);
			name = Main.storyboard;
			sourceTree = "<group>";
		};
		8286A1C01E9CA51B00A0557B /* LaunchScreen.storyboard */ = {
			isa = PBXVariantGroup;
			children = (
				8286A1C11E9CA51B00A0557B /* Base */,
			);
			name = LaunchScreen.storyboard;
			sourceTree = "<group>";
		};
/* End PBXVariantGroup section */

/* Begin XCBuildConfiguration section */
		8286A1C41E9CA51B00A0557B /* Debug */ = {
			isa = XCBuildConfiguration;
			buildSettings = {
				ALWAYS_SEARCH_USER_PATHS = NO;
				CLANG_ANALYZER_NONNULL = YES;
				CLANG_CXX_LANGUAGE_STANDARD = "gnu++0x";
				CLANG_CXX_LIBRARY = "libc++";
				CLANG_ENABLE_MODULES = YES;
				CLANG_ENABLE_OBJC_ARC = YES;
				CLANG_WARN_BOOL_CONVERSION = YES;
				CLANG_WARN_CONSTANT_CONVERSION = YES;
				CLANG_WARN_DIRECT_OBJC_ISA_USAGE = YES_ERROR;
				CLANG_WARN_EMPTY_BODY = YES;
				CLANG_WARN_ENUM_CONVERSION = YES;
				CLANG_WARN_INT_CONVERSION = YES;
				CLANG_WARN_OBJC_ROOT_CLASS = YES_ERROR;
				CLANG_WARN_UNREACHABLE_CODE = YES;
				CLANG_WARN__DUPLICATE_METHOD_MATCH = YES;
				"CODE_SIGN_IDENTITY[sdk=iphoneos*]" = "iPhone Developer";
				COPY_PHASE_STRIP = NO;
				DEBUG_INFORMATION_FORMAT = dwarf;
				ENABLE_STRICT_OBJC_MSGSEND = YES;
				ENABLE_TESTABILITY = YES;
				GCC_C_LANGUAGE_STANDARD = gnu99;
				GCC_DYNAMIC_NO_PIC = NO;
				GCC_NO_COMMON_BLOCKS = YES;
				GCC_OPTIMIZATION_LEVEL = 0;
				GCC_PREPROCESSOR_DEFINITIONS = (
					"DEBUG=1",
					"$(inherited)",
				);
				GCC_WARN_64_TO_32_BIT_CONVERSION = YES;
				GCC_WARN_ABOUT_RETURN_TYPE = YES_ERROR;
				GCC_WARN_UNDECLARED_SELECTOR = YES;
				GCC_WARN_UNINITIALIZED_AUTOS = YES_AGGRESSIVE;
				GCC_WARN_UNUSED_FUNCTION = YES;
				GCC_WARN_UNUSED_VARIABLE = YES;
				IPHONEOS_DEPLOYMENT_TARGET = 9.3;
				MTL_ENABLE_DEBUG_INFO = YES;
				ONLY_ACTIVE_ARCH = YES;
				SDKROOT = iphoneos;
			};
			name = Debug;
		};
		8286A1C51E9CA51B00A0557B /* Release */ = {
			isa = XCBuildConfiguration;
			buildSettings = {
				ALWAYS_SEARCH_USER_PATHS = NO;
				CLANG_ANALYZER_NONNULL = YES;
				CLANG_CXX_LANGUAGE_STANDARD = "gnu++0x";
				CLANG_CXX_LIBRARY = "libc++";
				CLANG_ENABLE_MODULES = YES;
				CLANG_ENABLE_OBJC_ARC = YES;
				CLANG_WARN_BOOL_CONVERSION = YES;
				CLANG_WARN_CONSTANT_CONVERSION = YES;
				CLANG_WARN_DIRECT_OBJC_ISA_USAGE = YES_ERROR;
				CLANG_WARN_EMPTY_BODY = YES;
				CLANG_WARN_ENUM_CONVERSION = YES;
				CLANG_WARN_INT_CONVERSION = YES;
				CLANG_WARN_OBJC_ROOT_CLASS = YES_ERROR;
				CLANG_WARN_UNREACHABLE_CODE = YES;
				CLANG_WARN__DUPLICATE_METHOD_MATCH = YES;
				"CODE_SIGN_IDENTITY[sdk=iphoneos*]" = "iPhone Developer";
				COPY_PHASE_STRIP = NO;
				DEBUG_INFORMATION_FORMAT = "dwarf-with-dsym";
				ENABLE_NS_ASSERTIONS = NO;
				ENABLE_STRICT_OBJC_MSGSEND = YES;
				GCC_C_LANGUAGE_STANDARD = gnu99;
				GCC_NO_COMMON_BLOCKS = YES;
				GCC_WARN_64_TO_32_BIT_CONVERSION = YES;
				GCC_WARN_ABOUT_RETURN_TYPE = YES_ERROR;
				GCC_WARN_UNDECLARED_SELECTOR = YES;
				GCC_WARN_UNINITIALIZED_AUTOS = YES_AGGRESSIVE;
				GCC_WARN_UNUSED_FUNCTION = YES;
				GCC_WARN_UNUSED_VARIABLE = YES;
				IPHONEOS_DEPLOYMENT_TARGET = 9.3;
				MTL_ENABLE_DEBUG_INFO = NO;
				SDKROOT = iphoneos;
				VALIDATE_PRODUCT = YES;
			};
			name = Release;
		};
		8286A1C71E9CA51B00A0557B /* Debug */ = {
			isa = XCBuildConfiguration;
			buildSettings = {
				ASSETCATALOG_COMPILER_APPICON_NAME = AppIcon;
				ASSETCATALOG_COMPILER_LAUNCHIMAGE_NAME = "Brand Assets";
				GCC_PREFIX_HEADER = BSBDJ/PrefixHeader.pch;
				INFOPLIST_FILE = BSBDJ/Info.plist;
				LD_RUNPATH_SEARCH_PATHS = "$(inherited) @executable_path/Frameworks";
				PRODUCT_BUNDLE_IDENTIFIER = hqyj.BSBDJ;
				PRODUCT_NAME = "$(TARGET_NAME)";
				TARGETED_DEVICE_FAMILY = 1;
			};
			name = Debug;
		};
		8286A1C81E9CA51B00A0557B /* Release */ = {
			isa = XCBuildConfiguration;
			buildSettings = {
				ASSETCATALOG_COMPILER_APPICON_NAME = AppIcon;
				ASSETCATALOG_COMPILER_LAUNCHIMAGE_NAME = "Brand Assets";
				GCC_PREFIX_HEADER = BSBDJ/PrefixHeader.pch;
				INFOPLIST_FILE = BSBDJ/Info.plist;
				LD_RUNPATH_SEARCH_PATHS = "$(inherited) @executable_path/Frameworks";
				PRODUCT_BUNDLE_IDENTIFIER = hqyj.BSBDJ;
				PRODUCT_NAME = "$(TARGET_NAME)";
				TARGETED_DEVICE_FAMILY = 1;
			};
			name = Release;
		};
/* End XCBuildConfiguration section */

/* Begin XCConfigurationList section */
		8286A1A71E9CA51A00A0557B /* Build configuration list for PBXProject "BSBDJ" */ = {
			isa = XCConfigurationList;
			buildConfigurations = (
				8286A1C41E9CA51B00A0557B /* Debug */,
				8286A1C51E9CA51B00A0557B /* Release */,
			);
			defaultConfigurationIsVisible = 0;
			defaultConfigurationName = Release;
		};
		8286A1C61E9CA51B00A0557B /* Build configuration list for PBXNativeTarget "BSBDJ" */ = {
			isa = XCConfigurationList;
			buildConfigurations = (
				8286A1C71E9CA51B00A0557B /* Debug */,
				8286A1C81E9CA51B00A0557B /* Release */,
			);
			defaultConfigurationIsVisible = 0;
			defaultConfigurationName = Release;
		};
/* End XCConfigurationList section */

/* Begin XCVersionGroup section */
		8286A1BB1E9CA51A00A0557B /* BSBDJ.xcdatamodeld */ = {
			isa = XCVersionGroup;
			children = (
				8286A1BC1E9CA51A00A0557B /* BSBDJ.xcdatamodel */,
			);
			currentVersion = 8286A1BC1E9CA51A00A0557B /* BSBDJ.xcdatamodel */;
			path = BSBDJ.xcdatamodeld;
			sourceTree = "<group>";
			versionGroupType = wrapper.xcdatamodel;
		};
/* End XCVersionGroup section */
	};
	rootObject = 8286A1A41E9CA51A00A0557B /* Project object */;
}
